
Microsoft Visual Studio Solution File, Format Version 12.00
# Visual Studio 2013
VisualStudioVersion = 12.0.31101.0
MinimumVisualStudioVersion = 10.0.40219.1
Project("{FAE04EC0-301F-11D3-BF4B-00C04F79EFBC}") = "Task1", "Exceptions\Task1.csproj", "{B4940503-9F3E-45FD-BEB0-B9B2456689C5}"
EndProject
Project("{FAE04EC0-301F-11D3-BF4B-00C04F79EFBC}") = "Task2", "Task2\Task2.csproj", "{E7260575-E1D0-4CAA-91DD-229C53D49B7F}"
EndProject
Global
	GlobalSection(SolutionConfigurationPlatforms) = preSolution
		Debug|Any CPU = Debug|Any CPU
		Release|Any CPU = Release|Any CPU
	EndGlobalSection
	GlobalSection(ProjectConfigurationPlatforms) = postSolution
		{B4940503-9F3E-45FD-BEB0-B9B2456689C5}.Debug|Any CPU.ActiveCfg = Debug|Any CPU
		{B4940503-9F3E-45FD-BEB0-B9B2456689C5}.Debug|Any CPU.Build.0 = Debug|Any CPU
		{B4940503-9F3E-45FD-BEB0-B9B2456689C5}.Release|Any CPU.ActiveCfg = Release|Any CPU
		{B4940503-9F3E-45FD-BEB0-B9B2456689C5}.Release|Any CPU.Build.0 = Release|Any CPU
		{E7260575-E1D0-4CAA-91DD-229C53D49B7F}.Debug|Any CPU.ActiveCfg = Debug|Any CPU
		{E7260575-E1D0-4CAA-91DD-229C53D49B7F}.Debug|Any CPU.Build.0 = Debug|Any CPU
		{E7260575-E1D0-4CAA-91DD-229C53D49B7F}.Release|Any CPU.ActiveCfg = Release|Any CPU
		{E7260575-E1D0-4CAA-91DD-229C53D49B7F}.Release|Any CPU.Build.0 = Release|Any CPU
	EndGlobalSection
	GlobalSection(SolutionProperties) = preSolution
		HideSolutionNode = FALSE
	EndGlobalSection
EndGlobal
